
Microsoft Visual Studio Solution File, Format Version 12.00
# Visual Studio Version 16
VisualStudioVersion = 16.0.30711.63
MinimumVisualStudioVersion = 15.0.26124.0
Project("{9A19103F-16F7-4668-BE54-9A1E7A4F7556}") = "day1", "day1\day1.csproj", "{BDB70820-7F86-446F-8908-432715570E99}"
EndProject
Project("{FAE04EC0-301F-11D3-BF4B-00C04F79EFBC}") = "Common", "Common\Common.csproj", "{28B24052-09B7-4570-96B9-DB06D68B53BA}"
EndProject
Global
	GlobalSection(SolutionConfigurationPlatforms) = preSolution
		Debug|Any CPU = Debug|Any CPU
		Debug|x64 = Debug|x64
		Debug|x86 = Debug|x86
		Release|Any CPU = Release|Any CPU
		Release|x64 = Release|x64
		Release|x86 = Release|x86
	EndGlobalSection
	GlobalSection(ProjectConfigurationPlatforms) = postSolution
		{BDB70820-7F86-446F-8908-432715570E99}.Debug|Any CPU.ActiveCfg = Debug|Any CPU
		{BDB70820-7F86-446F-8908-432715570E99}.Debug|Any CPU.Build.0 = Debug|Any CPU
		{BDB70820-7F86-446F-8908-432715570E99}.Debug|x64.ActiveCfg = Debug|Any CPU
		{BDB70820-7F86-446F-8908-432715570E99}.Debug|x64.Build.0 = Debug|Any CPU
		{BDB70820-7F86-446F-8908-432715570E99}.Debug|x86.ActiveCfg = Debug|Any CPU
		{BDB70820-7F86-446F-8908-432715570E99}.Debug|x86.Build.0 = Debug|Any CPU
		{BDB70820-7F86-446F-8908-432715570E99}.Release|Any CPU.ActiveCfg = Release|Any CPU
		{BDB70820-7F86-446F-8908-432715570E99}.Release|Any CPU.Build.0 = Release|Any CPU
		{BDB70820-7F86-446F-8908-432715570E99}.Release|x64.ActiveCfg = Release|Any CPU
		{BDB70820-7F86-446F-8908-432715570E99}.Release|x64.Build.0 = Release|Any CPU
		{BDB70820-7F86-446F-8908-432715570E99}.Release|x86.ActiveCfg = Release|Any CPU
		{BDB70820-7F86-446F-8908-432715570E99}.Release|x86.Build.0 = Release|Any CPU
		{28B24052-09B7-4570-96B9-DB06D68B53BA}.Debug|Any CPU.ActiveCfg = Debug|Any CPU
		{28B24052-09B7-4570-96B9-DB06D68B53BA}.Debug|Any CPU.Build.0 = Debug|Any CPU
		{28B24052-09B7-4570-96B9-DB06D68B53BA}.Debug|x64.ActiveCfg = Debug|Any CPU
		{28B24052-09B7-4570-96B9-DB06D68B53BA}.Debug|x64.Build.0 = Debug|Any CPU
		{28B24052-09B7-4570-96B9-DB06D68B53BA}.Debug|x86.ActiveCfg = Debug|Any CPU
		{28B24052-09B7-4570-96B9-DB06D68B53BA}.Debug|x86.Build.0 = Debug|Any CPU
		{28B24052-09B7-4570-96B9-DB06D68B53BA}.Release|Any CPU.ActiveCfg = Release|Any CPU
		{28B24052-09B7-4570-96B9-DB06D68B53BA}.Release|Any CPU.Build.0 = Release|Any CPU
		{28B24052-09B7-4570-96B9-DB06D68B53BA}.Release|x64.ActiveCfg = Release|Any CPU
		{28B24052-09B7-4570-96B9-DB06D68B53BA}.Release|x64.Build.0 = Release|Any CPU
		{28B24052-09B7-4570-96B9-DB06D68B53BA}.Release|x86.ActiveCfg = Release|Any CPU
		{28B24052-09B7-4570-96B9-DB06D68B53BA}.Release|x86.Build.0 = Release|Any CPU
	EndGlobalSection
	GlobalSection(SolutionProperties) = preSolution
		HideSolutionNode = FALSE
	EndGlobalSection
	GlobalSection(ExtensibilityGlobals) = postSolution
		SolutionGuid = {C4A9523F-E137-45E1-889D-6FD1D5B18353}
	EndGlobalSection
EndGlobal
